
Microsoft Visual Studio Solution File, Format Version 12.00
# Visual Studio Version 17
VisualStudioVersion = 17.5.33627.172
MinimumVisualStudioVersion = 10.0.40219.1
Project("{FAE04EC0-301F-11D3-BF4B-00C04F79EFBC}") = "ReportService", "WindowsService1\ReportService.csproj", "{722FD06D-CF0A-4EC7-807A-C5C83BDDB5D7}"
EndProject
Project("{FAE04EC0-301F-11D3-BF4B-00C04F79EFBC}") = "EmailSender", "EmailSender\EmailSender.csproj", "{A942F49A-AE8E-4B0F-BBBE-44A2800FB297}"
EndProject
Global
	GlobalSection(SolutionConfigurationPlatforms) = preSolution
		Debug|Any CPU = Debug|Any CPU
		Release|Any CPU = Release|Any CPU
	EndGlobalSection
	GlobalSection(ProjectConfigurationPlatforms) = postSolution
		{722FD06D-CF0A-4EC7-807A-C5C83BDDB5D7}.Debug|Any CPU.ActiveCfg = Debug|Any CPU
		{722FD06D-CF0A-4EC7-807A-C5C83BDDB5D7}.Debug|Any CPU.Build.0 = Debug|Any CPU
		{722FD06D-CF0A-4EC7-807A-C5C83BDDB5D7}.Release|Any CPU.ActiveCfg = Release|Any CPU
		{722FD06D-CF0A-4EC7-807A-C5C83BDDB5D7}.Release|Any CPU.Build.0 = Release|Any CPU
		{A942F49A-AE8E-4B0F-BBBE-44A2800FB297}.Debug|Any CPU.ActiveCfg = Debug|Any CPU
		{A942F49A-AE8E-4B0F-BBBE-44A2800FB297}.Debug|Any CPU.Build.0 = Debug|Any CPU
		{A942F49A-AE8E-4B0F-BBBE-44A2800FB297}.Release|Any CPU.ActiveCfg = Release|Any CPU
		{A942F49A-AE8E-4B0F-BBBE-44A2800FB297}.Release|Any CPU.Build.0 = Release|Any CPU
	EndGlobalSection
	GlobalSection(SolutionProperties) = preSolution
		HideSolutionNode = FALSE
	EndGlobalSection
	GlobalSection(ExtensibilityGlobals) = postSolution
		SolutionGuid = {06C68CE6-81DA-4F89-91B5-2997617EF4AB}
	EndGlobalSection
EndGlobal
